// !$*UTF8*$!
{
	"archiveVersion" = "1";
	"classes" = {
	};
	"objectVersion" = "71";
	"objects" = {
		"582681C2EAE02B3F3D399C0C" = {
			"isa" = "XCLocalSwiftPackageReference";
			"relativePath" = "NamecardCore";
		};
		"D6436273A423F46E343910B9" = {
			"isa" = "PBXFileReference";
			"explicitFileType" = "wrapper.application";
			"includeInIndex" = "0";
			"path" = "Namecard.app";
			"sourceTree" = "BUILT_PRODUCTS_DIR";
		};
		"9A2813B1D8BEA20E1847647F" = {
			"isa" = "PBXFileSystemSynchronizedRootGroup";
			"path" = "Namecard";
			"sourceTree" = "<group>";
			"explicitFileTypes" = {
			};
			"explicitFolders" = ();
		};
		"D3A067A9E9FAFE70B9B3FDCC" = {
			"isa" = "XCSwiftPackageProductDependency";
			"package" = "582681C2EAE02B3F3D399C0C";
			"productName" = "NamecardCore";
		};
		"F321642C907880E126E75527" = {
			"isa" = "PBXBuildFile";
			"productRef" = "D3A067A9E9FAFE70B9B3FDCC";
		};
		"E316C199E03DE84153A044A4" = {
			"isa" = "PBXSourcesBuildPhase";
			"buildActionMask" = "2147483647";
			"files" = ();
			"runOnlyForDeploymentPostprocessing" = "0";
		};
		"DE654CBEF129E04793AA4858" = {
			"isa" = "PBXFrameworksBuildPhase";
			"buildActionMask" = "2147483647";
			"files" = ("F321642C907880E126E75527");
			"runOnlyForDeploymentPostprocessing" = "0";
		};
		"D10F7AC96C6779B239201C3A" = {
			"isa" = "PBXResourcesBuildPhase";
			"buildActionMask" = "2147483647";
			"files" = ();
			"runOnlyForDeploymentPostprocessing" = "0";
		};
		"FE72F20BCD32285B9D8BF2DC" = {
			"isa" = "XCBuildConfiguration";
			"buildSettings" = {
				"PRODUCT_NAME" = "$(TARGET_NAME)";
				"PRODUCT_BUNDLE_IDENTIFIER" = "work.tokumaru.namecard";
				"SWIFT_VERSION" = "5.0";
				"IPHONEOS_DEPLOYMENT_TARGET" = "17.0";
				"TARGETED_DEVICE_FAMILY" = "1";
				"CODE_SIGN_STYLE" = "Automatic";
				"SUPPORTED_PLATFORMS" = "iphoneos iphonesimulator";
				"SUPPORTS_MACCATALYST" = "NO";
				"SUPPORTS_MAC_DESIGNED_FOR_IPHONE_IPAD" = "NO";
				"SWIFT_EMIT_LOC_STRINGS" = "YES";
				"SWIFT_OPTIMIZATION_LEVEL" = "-Onone";
				"SWIFT_ACTIVE_COMPILATION_CONDITIONS" = "$(inherited) DEBUG";
				"GENERATE_INFOPLIST_FILE" = "NO";
				"INFOPLIST_FILE" = "Config/Info.plist";
				"CODE_SIGN_ENTITLEMENTS" = "Config/Namecard.entitlements";
				"MARKETING_VERSION" = "0.1.0";
				"CURRENT_PROJECT_VERSION" = "1";
				"ASSETCATALOG_COMPILER_APPICON_NAME" = "AppIcon";
				"SUPPORTS_XR_DESIGNED_FOR_IPHONE_IPAD" = "NO";
				"NAMECARD_DISPLAY_NAME" = "Namecard";
				"NAMECARD_DISTRIBUTION_CHANNEL" = "app-store";
				"DEVELOPMENT_TEAM" = "R84KMDSN29";
			};
			"name" = "Debug";
		};
		"43BA42FC6700AF959F74C431" = {
			"isa" = "XCBuildConfiguration";
			"buildSettings" = {
				"PRODUCT_NAME" = "$(TARGET_NAME)";
				"PRODUCT_BUNDLE_IDENTIFIER" = "work.tokumaru.namecard";
				"SWIFT_VERSION" = "5.0";
				"IPHONEOS_DEPLOYMENT_TARGET" = "17.0";
				"TARGETED_DEVICE_FAMILY" = "1";
				"CODE_SIGN_STYLE" = "Automatic";
				"SUPPORTED_PLATFORMS" = "iphoneos iphonesimulator";
				"SUPPORTS_MACCATALYST" = "NO";
				"SUPPORTS_MAC_DESIGNED_FOR_IPHONE_IPAD" = "NO";
				"SWIFT_EMIT_LOC_STRINGS" = "YES";
				"SWIFT_OPTIMIZATION_LEVEL" = "-O";
				"SWIFT_ACTIVE_COMPILATION_CONDITIONS" = "$(inherited)";
				"GENERATE_INFOPLIST_FILE" = "NO";
				"INFOPLIST_FILE" = "Config/Info.plist";
				"CODE_SIGN_ENTITLEMENTS" = "Config/Namecard.entitlements";
				"MARKETING_VERSION" = "0.1.0";
				"CURRENT_PROJECT_VERSION" = "1";
				"ASSETCATALOG_COMPILER_APPICON_NAME" = "AppIcon";
				"SUPPORTS_XR_DESIGNED_FOR_IPHONE_IPAD" = "NO";
				"NAMECARD_DISPLAY_NAME" = "Namecard";
				"NAMECARD_DISTRIBUTION_CHANNEL" = "app-store";
				"DEVELOPMENT_TEAM" = "R84KMDSN29";
			};
			"name" = "Release";
		};
		"8BFCA7BF5C4CFABFAAD0D5B9" = {
			"isa" = "XCBuildConfiguration";
			"buildSettings" = {
				"PRODUCT_NAME" = "$(TARGET_NAME)";
				"PRODUCT_BUNDLE_IDENTIFIER" = "work.tokumaru.namecard";
				"SWIFT_VERSION" = "5.0";
				"IPHONEOS_DEPLOYMENT_TARGET" = "17.0";
				"TARGETED_DEVICE_FAMILY" = "1";
				"CODE_SIGN_STYLE" = "Automatic";
				"SUPPORTED_PLATFORMS" = "iphoneos iphonesimulator";
				"SUPPORTS_MACCATALYST" = "NO";
				"SUPPORTS_MAC_DESIGNED_FOR_IPHONE_IPAD" = "NO";
				"SWIFT_EMIT_LOC_STRINGS" = "YES";
				"SWIFT_OPTIMIZATION_LEVEL" = "-Onone";
				"SWIFT_ACTIVE_COMPILATION_CONDITIONS" = "$(inherited) DEBUG HARDWARE_TESTING";
				"GENERATE_INFOPLIST_FILE" = "NO";
				"INFOPLIST_FILE" = "Config/Info.plist";
				"CODE_SIGN_ENTITLEMENTS" = "Config/Namecard.entitlements";
				"MARKETING_VERSION" = "0.1.0";
				"CURRENT_PROJECT_VERSION" = "1";
				"ASSETCATALOG_COMPILER_APPICON_NAME" = "AppIcon";
				"SUPPORTS_XR_DESIGNED_FOR_IPHONE_IPAD" = "NO";
				"NAMECARD_DISPLAY_NAME" = "Namecard";
				"NAMECARD_DISTRIBUTION_CHANNEL" = "hardware";
				"DEVELOPMENT_TEAM" = "R84KMDSN29";
			};
			"name" = "HardwareTest";
		};
		"740F7E218CF22E07615D2AD6" = {
			"isa" = "XCBuildConfiguration";
			"buildSettings" = {
				"PRODUCT_NAME" = "$(TARGET_NAME)";
				"PRODUCT_BUNDLE_IDENTIFIER" = "work.tokumaru.namecard";
				"SWIFT_VERSION" = "5.0";
				"IPHONEOS_DEPLOYMENT_TARGET" = "17.0";
				"TARGETED_DEVICE_FAMILY" = "1";
				"CODE_SIGN_STYLE" = "Automatic";
				"SUPPORTED_PLATFORMS" = "iphoneos iphonesimulator";
				"SUPPORTS_MACCATALYST" = "NO";
				"SUPPORTS_MAC_DESIGNED_FOR_IPHONE_IPAD" = "NO";
				"SWIFT_EMIT_LOC_STRINGS" = "YES";
				"SWIFT_OPTIMIZATION_LEVEL" = "-O";
				"SWIFT_ACTIVE_COMPILATION_CONDITIONS" = "$(inherited) NAMECARD_BETA";
				"GENERATE_INFOPLIST_FILE" = "NO";
				"INFOPLIST_FILE" = "Config/Info.plist";
				"CODE_SIGN_ENTITLEMENTS" = "Config/Namecard.entitlements";
				"MARKETING_VERSION" = "0.1.0";
				"CURRENT_PROJECT_VERSION" = "1";
				"ASSETCATALOG_COMPILER_APPICON_NAME" = "AppIcon";
				"SUPPORTS_XR_DESIGNED_FOR_IPHONE_IPAD" = "NO";
				"NAMECARD_DISPLAY_NAME" = "Namecard Beta";
				"NAMECARD_DISTRIBUTION_CHANNEL" = "beta";
				"DEVELOPMENT_TEAM" = "R84KMDSN29";
			};
			"name" = "Beta";
		};
		"613B4F208107FA93CCC62652" = {
			"isa" = "XCConfigurationList";
			"buildConfigurations" = ("FE72F20BCD32285B9D8BF2DC", "43BA42FC6700AF959F74C431", "8BFCA7BF5C4CFABFAAD0D5B9", "740F7E218CF22E07615D2AD6");
			"defaultConfigurationIsVisible" = "0";
			"defaultConfigurationName" = "Release";
		};
		"85821515C2CC122C9B0431F6" = {
			"isa" = "PBXNativeTarget";
			"buildConfigurationList" = "613B4F208107FA93CCC62652";
			"buildPhases" = ("E316C199E03DE84153A044A4", "DE654CBEF129E04793AA4858", "D10F7AC96C6779B239201C3A");
			"buildRules" = ();
			"dependencies" = ();
			"fileSystemSynchronizedGroups" = ("9A2813B1D8BEA20E1847647F");
			"name" = "Namecard";
			"packageProductDependencies" = ("D3A067A9E9FAFE70B9B3FDCC");
			"productName" = "Namecard";
			"productReference" = "D6436273A423F46E343910B9";
			"productType" = "com.apple.product-type.application";
		};
		"6A59F0CCDF03C473D305CD18" = {
			"isa" = "PBXFileReference";
			"explicitFileType" = "wrapper.cfbundle";
			"includeInIndex" = "0";
			"path" = "NamecardTests.xctest";
			"sourceTree" = "BUILT_PRODUCTS_DIR";
		};
		"D98A09CB0121967F25840D88" = {
			"isa" = "PBXFileSystemSynchronizedRootGroup";
			"path" = "NamecardTests";
			"sourceTree" = "<group>";
			"explicitFileTypes" = {
			};
			"explicitFolders" = ();
		};
		"31C8E65FCF7FF596BD3547DC" = {
			"isa" = "XCSwiftPackageProductDependency";
			"package" = "582681C2EAE02B3F3D399C0C";
			"productName" = "NamecardCore";
		};
		"1E659A6B7AC2B9A0A53B1DCA" = {
			"isa" = "PBXBuildFile";
			"productRef" = "31C8E65FCF7FF596BD3547DC";
		};
		"F9616C495FE2DFAAFDC8518C" = {
			"isa" = "PBXSourcesBuildPhase";
			"buildActionMask" = "2147483647";
			"files" = ();
			"runOnlyForDeploymentPostprocessing" = "0";
		};
		"9AA7E2024508957D34836C42" = {
			"isa" = "PBXFrameworksBuildPhase";
			"buildActionMask" = "2147483647";
			"files" = ("1E659A6B7AC2B9A0A53B1DCA");
			"runOnlyForDeploymentPostprocessing" = "0";
		};
		"550496B14A0AC8AE736EBF86" = {
			"isa" = "PBXResourcesBuildPhase";
			"buildActionMask" = "2147483647";
			"files" = ();
			"runOnlyForDeploymentPostprocessing" = "0";
		};
		"F41F1602FF1EF82973512A38" = {
			"isa" = "PBXContainerItemProxy";
			"containerPortal" = "F6F4DA8D93E88A08220E03B7";
			"proxyType" = "1";
			"remoteGlobalIDString" = "85821515C2CC122C9B0431F6";
			"remoteInfo" = "Namecard";
		};
		"2961B1C09733226AD8E63312" = {
			"isa" = "PBXTargetDependency";
			"target" = "85821515C2CC122C9B0431F6";
			"targetProxy" = "F41F1602FF1EF82973512A38";
		};
		"7203C41A02F18C2A0BEF22BB" = {
			"isa" = "XCBuildConfiguration";
			"buildSettings" = {
				"PRODUCT_NAME" = "$(TARGET_NAME)";
				"PRODUCT_BUNDLE_IDENTIFIER" = "work.tokumaru.namecard.NamecardTests";
				"SWIFT_VERSION" = "5.0";
				"IPHONEOS_DEPLOYMENT_TARGET" = "17.0";
				"TARGETED_DEVICE_FAMILY" = "1";
				"CODE_SIGN_STYLE" = "Automatic";
				"SUPPORTED_PLATFORMS" = "iphoneos iphonesimulator";
				"SUPPORTS_MACCATALYST" = "NO";
				"SUPPORTS_MAC_DESIGNED_FOR_IPHONE_IPAD" = "NO";
				"SWIFT_EMIT_LOC_STRINGS" = "YES";
				"SWIFT_OPTIMIZATION_LEVEL" = "-Onone";
				"SWIFT_ACTIVE_COMPILATION_CONDITIONS" = "$(inherited) DEBUG";
				"GENERATE_INFOPLIST_FILE" = "YES";
				"TEST_HOST" = "$(BUILT_PRODUCTS_DIR)/Namecard.app/Namecard";
				"BUNDLE_LOADER" = "$(TEST_HOST)";
				"TEST_TARGET_NAME" = "Namecard";
			};
			"name" = "Debug";
		};
		"DDD482EE5CAA04C1A4141DF5" = {
			"isa" = "XCBuildConfiguration";
			"buildSettings" = {
				"PRODUCT_NAME" = "$(TARGET_NAME)";
				"PRODUCT_BUNDLE_IDENTIFIER" = "work.tokumaru.namecard.NamecardTests";
				"SWIFT_VERSION" = "5.0";
				"IPHONEOS_DEPLOYMENT_TARGET" = "17.0";
				"TARGETED_DEVICE_FAMILY" = "1";
				"CODE_SIGN_STYLE" = "Automatic";
				"SUPPORTED_PLATFORMS" = "iphoneos iphonesimulator";
				"SUPPORTS_MACCATALYST" = "NO";
				"SUPPORTS_MAC_DESIGNED_FOR_IPHONE_IPAD" = "NO";
				"SWIFT_EMIT_LOC_STRINGS" = "YES";
				"SWIFT_OPTIMIZATION_LEVEL" = "-O";
				"SWIFT_ACTIVE_COMPILATION_CONDITIONS" = "$(inherited)";
				"GENERATE_INFOPLIST_FILE" = "YES";
				"TEST_HOST" = "$(BUILT_PRODUCTS_DIR)/Namecard.app/Namecard";
				"BUNDLE_LOADER" = "$(TEST_HOST)";
				"TEST_TARGET_NAME" = "Namecard";
			};
			"name" = "Release";
		};
		"AE8C10CD5E7774EB14C67C4B" = {
			"isa" = "XCBuildConfiguration";
			"buildSettings" = {
				"PRODUCT_NAME" = "$(TARGET_NAME)";
				"PRODUCT_BUNDLE_IDENTIFIER" = "work.tokumaru.namecard.NamecardTests";
				"SWIFT_VERSION" = "5.0";
				"IPHONEOS_DEPLOYMENT_TARGET" = "17.0";
				"TARGETED_DEVICE_FAMILY" = "1";
				"CODE_SIGN_STYLE" = "Automatic";
				"SUPPORTED_PLATFORMS" = "iphoneos iphonesimulator";
				"SUPPORTS_MACCATALYST" = "NO";
				"SUPPORTS_MAC_DESIGNED_FOR_IPHONE_IPAD" = "NO";
				"SWIFT_EMIT_LOC_STRINGS" = "YES";
				"SWIFT_OPTIMIZATION_LEVEL" = "-Onone";
				"SWIFT_ACTIVE_COMPILATION_CONDITIONS" = "$(inherited) DEBUG HARDWARE_TESTING";
				"GENERATE_INFOPLIST_FILE" = "YES";
				"TEST_HOST" = "$(BUILT_PRODUCTS_DIR)/Namecard.app/Namecard";
				"BUNDLE_LOADER" = "$(TEST_HOST)";
				"TEST_TARGET_NAME" = "Namecard";
			};
			"name" = "HardwareTest";
		};
		"F5B5011B38430E455641485C" = {
			"isa" = "XCBuildConfiguration";
			"buildSettings" = {
				"PRODUCT_NAME" = "$(TARGET_NAME)";
				"PRODUCT_BUNDLE_IDENTIFIER" = "work.tokumaru.namecard.NamecardTests";
				"SWIFT_VERSION" = "5.0";
				"IPHONEOS_DEPLOYMENT_TARGET" = "17.0";
				"TARGETED_DEVICE_FAMILY" = "1";
				"CODE_SIGN_STYLE" = "Automatic";
				"SUPPORTED_PLATFORMS" = "iphoneos iphonesimulator";
				"SUPPORTS_MACCATALYST" = "NO";
				"SUPPORTS_MAC_DESIGNED_FOR_IPHONE_IPAD" = "NO";
				"SWIFT_EMIT_LOC_STRINGS" = "YES";
				"SWIFT_OPTIMIZATION_LEVEL" = "-O";
				"SWIFT_ACTIVE_COMPILATION_CONDITIONS" = "$(inherited) NAMECARD_BETA";
				"GENERATE_INFOPLIST_FILE" = "YES";
				"TEST_HOST" = "$(BUILT_PRODUCTS_DIR)/Namecard.app/Namecard";
				"BUNDLE_LOADER" = "$(TEST_HOST)";
				"TEST_TARGET_NAME" = "Namecard";
			};
			"name" = "Beta";
		};
		"2EA957E077BF64A2B51E7E9A" = {
			"isa" = "XCConfigurationList";
			"buildConfigurations" = ("7203C41A02F18C2A0BEF22BB", "DDD482EE5CAA04C1A4141DF5", "AE8C10CD5E7774EB14C67C4B", "F5B5011B38430E455641485C");
			"defaultConfigurationIsVisible" = "0";
			"defaultConfigurationName" = "Release";
		};
		"670BC3E9C3D70B0A0879D0DB" = {
			"isa" = "PBXNativeTarget";
			"buildConfigurationList" = "2EA957E077BF64A2B51E7E9A";
			"buildPhases" = ("F9616C495FE2DFAAFDC8518C", "9AA7E2024508957D34836C42", "550496B14A0AC8AE736EBF86");
			"buildRules" = ();
			"dependencies" = ("2961B1C09733226AD8E63312");
			"fileSystemSynchronizedGroups" = ("D98A09CB0121967F25840D88");
			"name" = "NamecardTests";
			"packageProductDependencies" = ("31C8E65FCF7FF596BD3547DC");
			"productName" = "NamecardTests";
			"productReference" = "6A59F0CCDF03C473D305CD18";
			"productType" = "com.apple.product-type.bundle.unit-test";
		};
		"2E90911A86DE7D6521FDB37B" = {
			"isa" = "PBXFileReference";
			"explicitFileType" = "wrapper.cfbundle";
			"includeInIndex" = "0";
			"path" = "NamecardUITests.xctest";
			"sourceTree" = "BUILT_PRODUCTS_DIR";
		};
		"0350A01E91BC564DE843EA69" = {
			"isa" = "PBXFileSystemSynchronizedRootGroup";
			"path" = "NamecardUITests";
			"sourceTree" = "<group>";
			"explicitFileTypes" = {
			};
			"explicitFolders" = ();
		};
		"4BC4C68A7269424850A202B9" = {
			"isa" = "PBXSourcesBuildPhase";
			"buildActionMask" = "2147483647";
			"files" = ();
			"runOnlyForDeploymentPostprocessing" = "0";
		};
		"4B98D0ED52C8B15DED323542" = {
			"isa" = "PBXFrameworksBuildPhase";
			"buildActionMask" = "2147483647";
			"files" = ();
			"runOnlyForDeploymentPostprocessing" = "0";
		};
		"43D27C2FF1D1FD1301BC7968" = {
			"isa" = "PBXResourcesBuildPhase";
			"buildActionMask" = "2147483647";
			"files" = ();
			"runOnlyForDeploymentPostprocessing" = "0";
		};
		"280234A881D6B666668DF167" = {
			"isa" = "PBXContainerItemProxy";
			"containerPortal" = "F6F4DA8D93E88A08220E03B7";
			"proxyType" = "1";
			"remoteGlobalIDString" = "85821515C2CC122C9B0431F6";
			"remoteInfo" = "Namecard";
		};
		"576BBB30ED9CC91D86282B0A" = {
			"isa" = "PBXTargetDependency";
			"target" = "85821515C2CC122C9B0431F6";
			"targetProxy" = "280234A881D6B666668DF167";
		};
		"3D6AF6EB2711721D86261670" = {
			"isa" = "XCBuildConfiguration";
			"buildSettings" = {
				"PRODUCT_NAME" = "$(TARGET_NAME)";
				"PRODUCT_BUNDLE_IDENTIFIER" = "work.tokumaru.namecard.NamecardUITests";
				"SWIFT_VERSION" = "5.0";
				"IPHONEOS_DEPLOYMENT_TARGET" = "17.0";
				"TARGETED_DEVICE_FAMILY" = "1";
				"CODE_SIGN_STYLE" = "Automatic";
				"SUPPORTED_PLATFORMS" = "iphoneos iphonesimulator";
				"SUPPORTS_MACCATALYST" = "NO";
				"SUPPORTS_MAC_DESIGNED_FOR_IPHONE_IPAD" = "NO";
				"SWIFT_EMIT_LOC_STRINGS" = "YES";
				"SWIFT_OPTIMIZATION_LEVEL" = "-Onone";
				"SWIFT_ACTIVE_COMPILATION_CONDITIONS" = "$(inherited) DEBUG";
				"GENERATE_INFOPLIST_FILE" = "YES";
				"TEST_TARGET_NAME" = "Namecard";
			};
			"name" = "Debug";
		};
		"C68A6EB03E9BC88335BB2F28" = {
			"isa" = "XCBuildConfiguration";
			"buildSettings" = {
				"PRODUCT_NAME" = "$(TARGET_NAME)";
				"PRODUCT_BUNDLE_IDENTIFIER" = "work.tokumaru.namecard.NamecardUITests";
				"SWIFT_VERSION" = "5.0";
				"IPHONEOS_DEPLOYMENT_TARGET" = "17.0";
				"TARGETED_DEVICE_FAMILY" = "1";
				"CODE_SIGN_STYLE" = "Automatic";
				"SUPPORTED_PLATFORMS" = "iphoneos iphonesimulator";
				"SUPPORTS_MACCATALYST" = "NO";
				"SUPPORTS_MAC_DESIGNED_FOR_IPHONE_IPAD" = "NO";
				"SWIFT_EMIT_LOC_STRINGS" = "YES";
				"SWIFT_OPTIMIZATION_LEVEL" = "-O";
				"SWIFT_ACTIVE_COMPILATION_CONDITIONS" = "$(inherited)";
				"GENERATE_INFOPLIST_FILE" = "YES";
				"TEST_TARGET_NAME" = "Namecard";
			};
			"name" = "Release";
		};
		"4524F96478FA910F5904CF14" = {
			"isa" = "XCBuildConfiguration";
			"buildSettings" = {
				"PRODUCT_NAME" = "$(TARGET_NAME)";
				"PRODUCT_BUNDLE_IDENTIFIER" = "work.tokumaru.namecard.NamecardUITests";
				"SWIFT_VERSION" = "5.0";
				"IPHONEOS_DEPLOYMENT_TARGET" = "17.0";
				"TARGETED_DEVICE_FAMILY" = "1";
				"CODE_SIGN_STYLE" = "Automatic";
				"SUPPORTED_PLATFORMS" = "iphoneos iphonesimulator";
				"SUPPORTS_MACCATALYST" = "NO";
				"SUPPORTS_MAC_DESIGNED_FOR_IPHONE_IPAD" = "NO";
				"SWIFT_EMIT_LOC_STRINGS" = "YES";
				"SWIFT_OPTIMIZATION_LEVEL" = "-Onone";
				"SWIFT_ACTIVE_COMPILATION_CONDITIONS" = "$(inherited) DEBUG HARDWARE_TESTING";
				"GENERATE_INFOPLIST_FILE" = "YES";
				"TEST_TARGET_NAME" = "Namecard";
			};
			"name" = "HardwareTest";
		};
		"65C5F40E8E9588AF6E1B23FF" = {
			"isa" = "XCBuildConfiguration";
			"buildSettings" = {
				"PRODUCT_NAME" = "$(TARGET_NAME)";
				"PRODUCT_BUNDLE_IDENTIFIER" = "work.tokumaru.namecard.NamecardUITests";
				"SWIFT_VERSION" = "5.0";
				"IPHONEOS_DEPLOYMENT_TARGET" = "17.0";
				"TARGETED_DEVICE_FAMILY" = "1";
				"CODE_SIGN_STYLE" = "Automatic";
				"SUPPORTED_PLATFORMS" = "iphoneos iphonesimulator";
				"SUPPORTS_MACCATALYST" = "NO";
				"SUPPORTS_MAC_DESIGNED_FOR_IPHONE_IPAD" = "NO";
				"SWIFT_EMIT_LOC_STRINGS" = "YES";
				"SWIFT_OPTIMIZATION_LEVEL" = "-O";
				"SWIFT_ACTIVE_COMPILATION_CONDITIONS" = "$(inherited) NAMECARD_BETA";
				"GENERATE_INFOPLIST_FILE" = "YES";
				"TEST_TARGET_NAME" = "Namecard";
			};
			"name" = "Beta";
		};
		"82B1162A7FF7885B22ED4395" = {
			"isa" = "XCConfigurationList";
			"buildConfigurations" = ("3D6AF6EB2711721D86261670", "C68A6EB03E9BC88335BB2F28", "4524F96478FA910F5904CF14", "65C5F40E8E9588AF6E1B23FF");
			"defaultConfigurationIsVisible" = "0";
			"defaultConfigurationName" = "Release";
		};
		"F3BECE033FFEF7E49C73A5E2" = {
			"isa" = "PBXNativeTarget";
			"buildConfigurationList" = "82B1162A7FF7885B22ED4395";
			"buildPhases" = ("4BC4C68A7269424850A202B9", "4B98D0ED52C8B15DED323542", "43D27C2FF1D1FD1301BC7968");
			"buildRules" = ();
			"dependencies" = ("576BBB30ED9CC91D86282B0A");
			"fileSystemSynchronizedGroups" = ("0350A01E91BC564DE843EA69");
			"name" = "NamecardUITests";
			"packageProductDependencies" = ();
			"productName" = "NamecardUITests";
			"productReference" = "2E90911A86DE7D6521FDB37B";
			"productType" = "com.apple.product-type.bundle.ui-testing";
		};
		"FE0A091FDBFB3E9C31B7A1BD" = {
			"isa" = "PBXGroup";
			"children" = ("D6436273A423F46E343910B9", "6A59F0CCDF03C473D305CD18", "2E90911A86DE7D6521FDB37B");
			"name" = "Products";
			"sourceTree" = "<group>";
		};
		"2EB2D8158FC6EF9EB19CB439" = {
			"isa" = "PBXGroup";
			"children" = ("9A2813B1D8BEA20E1847647F", "D98A09CB0121967F25840D88", "0350A01E91BC564DE843EA69", "FE0A091FDBFB3E9C31B7A1BD");
			"sourceTree" = "<group>";
		};
		"BFD315016DE16320F7E2120C" = {
			"isa" = "XCBuildConfiguration";
			"buildSettings" = {
				"SDKROOT" = "iphoneos";
				"CLANG_ENABLE_MODULES" = "YES";
				"CLANG_ENABLE_OBJC_ARC" = "YES";
				"ENABLE_TESTABILITY" = "YES";
				"DEBUG_INFORMATION_FORMAT" = "dwarf";
				"SWIFT_COMPILATION_MODE" = "singlefile";
				"ONLY_ACTIVE_ARCH" = "YES";
			};
			"name" = "Debug";
		};
		"1D8C0C6B1D22EA8C7669B263" = {
			"isa" = "XCBuildConfiguration";
			"buildSettings" = {
				"SDKROOT" = "iphoneos";
				"CLANG_ENABLE_MODULES" = "YES";
				"CLANG_ENABLE_OBJC_ARC" = "YES";
				"ENABLE_TESTABILITY" = "NO";
				"DEBUG_INFORMATION_FORMAT" = "dwarf-with-dsym";
				"SWIFT_COMPILATION_MODE" = "wholemodule";
				"ONLY_ACTIVE_ARCH" = "NO";
			};
			"name" = "Release";
		};
		"487C26981691937E9BA0BC11" = {
			"isa" = "XCBuildConfiguration";
			"buildSettings" = {
				"SDKROOT" = "iphoneos";
				"CLANG_ENABLE_MODULES" = "YES";
				"CLANG_ENABLE_OBJC_ARC" = "YES";
				"ENABLE_TESTABILITY" = "YES";
				"DEBUG_INFORMATION_FORMAT" = "dwarf";
				"SWIFT_COMPILATION_MODE" = "singlefile";
				"ONLY_ACTIVE_ARCH" = "YES";
			};
			"name" = "HardwareTest";
		};
		"2A27CE50B99C0010513B2AF5" = {
			"isa" = "XCBuildConfiguration";
			"buildSettings" = {
				"SDKROOT" = "iphoneos";
				"CLANG_ENABLE_MODULES" = "YES";
				"CLANG_ENABLE_OBJC_ARC" = "YES";
				"ENABLE_TESTABILITY" = "NO";
				"DEBUG_INFORMATION_FORMAT" = "dwarf-with-dsym";
				"SWIFT_COMPILATION_MODE" = "wholemodule";
				"ONLY_ACTIVE_ARCH" = "NO";
			};
			"name" = "Beta";
		};
		"8A7B7B41EC8EE64FC61CAC5C" = {
			"isa" = "XCConfigurationList";
			"buildConfigurations" = ("BFD315016DE16320F7E2120C", "1D8C0C6B1D22EA8C7669B263", "487C26981691937E9BA0BC11", "2A27CE50B99C0010513B2AF5");
			"defaultConfigurationIsVisible" = "0";
			"defaultConfigurationName" = "Release";
		};
		"F6F4DA8D93E88A08220E03B7" = {
			"isa" = "PBXProject";
			"attributes" = {
				"BuildIndependentTargetsInParallel" = "YES";
				"LastUpgradeCheck" = "2600";
				"TargetAttributes" = {
					"85821515C2CC122C9B0431F6" = {
						"CreatedOnToolsVersion" = "26.0";
						"SystemCapabilities" = {
							"com.apple.NearFieldCommunicationTagReading" = {
								"enabled" = "1";
							};
						};
					};
				};
			};
			"buildConfigurationList" = "8A7B7B41EC8EE64FC61CAC5C";
			"compatibilityVersion" = "Xcode 16.0";
			"developmentRegion" = "ja";
			"hasScannedForEncodings" = "0";
			"knownRegions" = ("ja", "en", "Base");
			"mainGroup" = "2EB2D8158FC6EF9EB19CB439";
			"minimizedProjectReferenceProxies" = "1";
			"productRefGroup" = "FE0A091FDBFB3E9C31B7A1BD";
			"projectDirPath" = "";
			"projectRoot" = "";
			"packageReferences" = ("582681C2EAE02B3F3D399C0C");
			"targets" = ("85821515C2CC122C9B0431F6", "670BC3E9C3D70B0A0879D0DB", "F3BECE033FFEF7E49C73A5E2");
		};
	};
	"rootObject" = "F6F4DA8D93E88A08220E03B7";
}
