<?xml version="1.0" encoding="UTF-8"?>
<Scheme LastUpgradeVersion="2600" version="1.7">
<BuildAction parallelizeBuildables="YES" buildImplicitDependencies="YES"><BuildActionEntries><BuildActionEntry buildForTesting="YES" buildForRunning="YES" buildForProfiling="YES" buildForArchiving="YES" buildForAnalyzing="YES"><BuildableReference BuildableIdentifier="primary" BlueprintIdentifier="85821515C2CC122C9B0431F6" BuildableName="Namecard.app" BlueprintName="Namecard" ReferencedContainer="container:Namecard.xcodeproj"/></BuildActionEntry></BuildActionEntries></BuildAction>
<TestAction buildConfiguration="HardwareTest" selectedDebuggerIdentifier="Xcode.DebuggerFoundation.Debugger.LLDB" selectedLauncherIdentifier="Xcode.IDEFoundation.Launcher.LLDB" shouldUseLaunchSchemeArgsEnv="YES"><Testables><TestableReference skipped="NO"><BuildableReference BuildableIdentifier="primary" BlueprintIdentifier="670BC3E9C3D70B0A0879D0DB" BuildableName="NamecardTests.xctest" BlueprintName="NamecardTests" ReferencedContainer="container:Namecard.xcodeproj"/></TestableReference><TestableReference skipped="NO"><BuildableReference BuildableIdentifier="primary" BlueprintIdentifier="F3BECE033FFEF7E49C73A5E2" BuildableName="NamecardUITests.xctest" BlueprintName="NamecardUITests" ReferencedContainer="container:Namecard.xcodeproj"/></TestableReference></Testables></TestAction>
<LaunchAction buildConfiguration="HardwareTest" selectedDebuggerIdentifier="Xcode.DebuggerFoundation.Debugger.LLDB" selectedLauncherIdentifier="Xcode.IDEFoundation.Launcher.LLDB" launchStyle="0" useCustomWorkingDirectory="NO" ignoresPersistentStateOnLaunch="NO" debugDocumentVersioning="YES" debugServiceExtension="internal" allowLocationSimulation="YES"><BuildableProductRunnable runnableDebuggingMode="0"><BuildableReference BuildableIdentifier="primary" BlueprintIdentifier="85821515C2CC122C9B0431F6" BuildableName="Namecard.app" BlueprintName="Namecard" ReferencedContainer="container:Namecard.xcodeproj"/></BuildableProductRunnable></LaunchAction>
<ProfileAction buildConfiguration="Release" shouldUseLaunchSchemeArgsEnv="YES" savedToolIdentifier="" useCustomWorkingDirectory="NO" debugDocumentVersioning="YES"><BuildableProductRunnable runnableDebuggingMode="0"><BuildableReference BuildableIdentifier="primary" BlueprintIdentifier="85821515C2CC122C9B0431F6" BuildableName="Namecard.app" BlueprintName="Namecard" ReferencedContainer="container:Namecard.xcodeproj"/></BuildableProductRunnable></ProfileAction>
<AnalyzeAction buildConfiguration="HardwareTest"/>
<ArchiveAction buildConfiguration="Release" revealArchiveInOrganizer="YES"/>
</Scheme>
